
Microsoft Visual Studio Solution File, Format Version 12.00
# Visual Studio Version 16
VisualStudioVersion = 16.0.31911.196
MinimumVisualStudioVersion = 10.0.40219.1
Project("{FAE04EC0-301F-11D3-BF4B-00C04F79EFBC}") = "absenceForm", "absenceForm\absenceForm.csproj", "{52426B5A-6A1A-4AB2-B1CF-A7E1E1699EA0}"
EndProject
Project("{FAE04EC0-301F-11D3-BF4B-00C04F79EFBC}") = "absenceClass", "absenceClass\absenceClass.csproj", "{05E06DBC-48B5-4C57-AB06-F63FA8C8EBCB}"
EndProject
Global
	GlobalSection(SolutionConfigurationPlatforms) = preSolution
		Debug|Any CPU = Debug|Any CPU
		Release|Any CPU = Release|Any CPU
	EndGlobalSection
	GlobalSection(ProjectConfigurationPlatforms) = postSolution
		{52426B5A-6A1A-4AB2-B1CF-A7E1E1699EA0}.Debug|Any CPU.ActiveCfg = Debug|Any CPU
		{52426B5A-6A1A-4AB2-B1CF-A7E1E1699EA0}.Debug|Any CPU.Build.0 = Debug|Any CPU
		{52426B5A-6A1A-4AB2-B1CF-A7E1E1699EA0}.Release|Any CPU.ActiveCfg = Release|Any CPU
		{52426B5A-6A1A-4AB2-B1CF-A7E1E1699EA0}.Release|Any CPU.Build.0 = Release|Any CPU
		{05E06DBC-48B5-4C57-AB06-F63FA8C8EBCB}.Debug|Any CPU.ActiveCfg = Debug|Any CPU
		{05E06DBC-48B5-4C57-AB06-F63FA8C8EBCB}.Debug|Any CPU.Build.0 = Debug|Any CPU
		{05E06DBC-48B5-4C57-AB06-F63FA8C8EBCB}.Release|Any CPU.ActiveCfg = Release|Any CPU
		{05E06DBC-48B5-4C57-AB06-F63FA8C8EBCB}.Release|Any CPU.Build.0 = Release|Any CPU
	EndGlobalSection
	GlobalSection(SolutionProperties) = preSolution
		HideSolutionNode = FALSE
	EndGlobalSection
	GlobalSection(ExtensibilityGlobals) = postSolution
		SolutionGuid = {A71B879C-3DAF-424B-9712-BEDBDB463EF4}
	EndGlobalSection
EndGlobal
